
Microsoft Visual Studio Solution File, Format Version 12.00
# Visual Studio Version 17
VisualStudioVersion = 17.5.002.0
MinimumVisualStudioVersion = 10.0.40219.1
Project("{9A19103F-16F7-4668-BE54-9A1E7A4F7556}") = "Atividade1", "Atividade1.csproj", "{EADB8CFE-274D-45F2-B815-D38A67280313}"
EndProject
Global
	GlobalSection(SolutionConfigurationPlatforms) = preSolution
		Debug|Any CPU = Debug|Any CPU
		Release|Any CPU = Release|Any CPU
	EndGlobalSection
	GlobalSection(ProjectConfigurationPlatforms) = postSolution
		{EADB8CFE-274D-45F2-B815-D38A67280313}.Debug|Any CPU.ActiveCfg = Debug|Any CPU
		{EADB8CFE-274D-45F2-B815-D38A67280313}.Debug|Any CPU.Build.0 = Debug|Any CPU
		{EADB8CFE-274D-45F2-B815-D38A67280313}.Release|Any CPU.ActiveCfg = Release|Any CPU
		{EADB8CFE-274D-45F2-B815-D38A67280313}.Release|Any CPU.Build.0 = Release|Any CPU
	EndGlobalSection
	GlobalSection(SolutionProperties) = preSolution
		HideSolutionNode = FALSE
	EndGlobalSection
	GlobalSection(ExtensibilityGlobals) = postSolution
		SolutionGuid = {6AD27799-CA6D-4D4E-BE8B-19A04AA9815F}
	EndGlobalSection
EndGlobal
